
Microsoft Visual Studio Solution File, Format Version 12.00
# Visual Studio Version 17
VisualStudioVersion = 17.5.002.0
MinimumVisualStudioVersion = 10.0.40219.1
Project("{2150E333-8FDC-42A3-9474-1A3956D46DE8}") = "week01", "week01", "{9C108998-2680-46CD-B8C1-0808F2406A69}"
EndProject
Project("{9A19103F-16F7-4668-BE54-9A1E7A4F7556}") = "code", "week01\code\code.csproj", "{BC549E6B-E9BB-4CA4-A920-1AD07DC656E3}"
EndProject
Project("{9A19103F-16F7-4668-BE54-9A1E7A4F7556}") = "analyze", "week01\analyze\analyze.csproj", "{44A6E328-2D4D-4BEA-AB85-8D8CDEBDBAC2}"
EndProject
Project("{9A19103F-16F7-4668-BE54-9A1E7A4F7556}") = "teach", "week01\teach\teach.csproj", "{6954A5DE-0E53-4A42-84DF-C8140B5897CC}"
EndProject
Project("{2150E333-8FDC-42A3-9474-1A3956D46DE8}") = "week06", "week06", "{2F103E13-E6C8-45CE-A7AD-7B0207899F67}"
EndProject
Project("{9A19103F-16F7-4668-BE54-9A1E7A4F7556}") = "code", "week06\code\code.csproj", "{9AC4861D-A7A9-4D3C-A0D1-2B4CC905A128}"
EndProject
Project("{2150E333-8FDC-42A3-9474-1A3956D46DE8}") = "sandbox", "sandbox", "{0BEE6EA4-B148-4A9E-95AC-360CCC84FE3E}"
EndProject
Project("{9A19103F-16F7-4668-BE54-9A1E7A4F7556}") = "sandbox_project", "sandbox\sandbox_project\sandbox_project.csproj", "{35613E82-0B08-426C-84BD-925B93881D26}"
EndProject
Project("{2150E333-8FDC-42A3-9474-1A3956D46DE8}") = "week05", "week05", "{3563DB9B-F75D-4B8F-BD10-4AD159C1C373}"
EndProject
Project("{9A19103F-16F7-4668-BE54-9A1E7A4F7556}") = "code", "week05\code\code.csproj", "{4EE3BB04-8123-4DD1-837D-11649D3B64C8}"
EndProject
Project("{2150E333-8FDC-42A3-9474-1A3956D46DE8}") = "week02", "week02", "{B5A43735-81BF-41C4-A720-0E16B5322530}"
EndProject
Project("{9A19103F-16F7-4668-BE54-9A1E7A4F7556}") = "learn", "week02\learn\learn.csproj", "{912278E0-83C0-4C43-84FB-8A93AEC6AEBC}"
EndProject
Project("{9A19103F-16F7-4668-BE54-9A1E7A4F7556}") = "code", "week02\code\code.csproj", "{70B5668C-C015-417F-B158-AAC2C9E617F5}"
EndProject
Project("{9A19103F-16F7-4668-BE54-9A1E7A4F7556}") = "analyze", "week02\analyze\analyze.csproj", "{8FFB52AE-A12C-4625-B3E5-583AFEBD10BC}"
EndProject
Project("{9A19103F-16F7-4668-BE54-9A1E7A4F7556}") = "teach", "week02\teach\teach.csproj", "{2A2397D3-594E-4706-A542-2C424F6BF14F}"
EndProject
Project("{2150E333-8FDC-42A3-9474-1A3956D46DE8}") = "week03", "week03", "{ABCC1099-7095-4C5E-96A1-829F7343007B}"
EndProject
Project("{9A19103F-16F7-4668-BE54-9A1E7A4F7556}") = "learn", "week03\learn\learn.csproj", "{F658EE96-44BF-49FC-8691-81C48BE87B91}"
EndProject
Project("{9A19103F-16F7-4668-BE54-9A1E7A4F7556}") = "code", "week03\code\code.csproj", "{E93BFB0A-3147-45E0-B156-4EE98E16CDFC}"
EndProject
Project("{9A19103F-16F7-4668-BE54-9A1E7A4F7556}") = "teach", "week03\teach\teach.csproj", "{5C3B3EAB-66CB-43EA-AD73-1581D6F163C4}"
EndProject
Project("{2150E333-8FDC-42A3-9474-1A3956D46DE8}") = "week04", "week04", "{D1577D15-81A1-420C-A151-53314E47DA83}"
EndProject
Project("{9A19103F-16F7-4668-BE54-9A1E7A4F7556}") = "code", "week04\code\code.csproj", "{A59E471F-D4AB-4822-941A-4587878E1607}"
EndProject
Global
	GlobalSection(SolutionConfigurationPlatforms) = preSolution
		Debug|Any CPU = Debug|Any CPU
		Release|Any CPU = Release|Any CPU
	EndGlobalSection
	GlobalSection(ProjectConfigurationPlatforms) = postSolution
		{BC549E6B-E9BB-4CA4-A920-1AD07DC656E3}.Debug|Any CPU.ActiveCfg = Debug|Any CPU
		{BC549E6B-E9BB-4CA4-A920-1AD07DC656E3}.Debug|Any CPU.Build.0 = Debug|Any CPU
		{BC549E6B-E9BB-4CA4-A920-1AD07DC656E3}.Release|Any CPU.ActiveCfg = Release|Any CPU
		{BC549E6B-E9BB-4CA4-A920-1AD07DC656E3}.Release|Any CPU.Build.0 = Release|Any CPU
		{44A6E328-2D4D-4BEA-AB85-8D8CDEBDBAC2}.Debug|Any CPU.ActiveCfg = Debug|Any CPU
		{44A6E328-2D4D-4BEA-AB85-8D8CDEBDBAC2}.Debug|Any CPU.Build.0 = Debug|Any CPU
		{44A6E328-2D4D-4BEA-AB85-8D8CDEBDBAC2}.Release|Any CPU.ActiveCfg = Release|Any CPU
		{44A6E328-2D4D-4BEA-AB85-8D8CDEBDBAC2}.Release|Any CPU.Build.0 = Release|Any CPU
		{6954A5DE-0E53-4A42-84DF-C8140B5897CC}.Debug|Any CPU.ActiveCfg = Debug|Any CPU
		{6954A5DE-0E53-4A42-84DF-C8140B5897CC}.Debug|Any CPU.Build.0 = Debug|Any CPU
		{6954A5DE-0E53-4A42-84DF-C8140B5897CC}.Release|Any CPU.ActiveCfg = Release|Any CPU
		{6954A5DE-0E53-4A42-84DF-C8140B5897CC}.Release|Any CPU.Build.0 = Release|Any CPU
		{9AC4861D-A7A9-4D3C-A0D1-2B4CC905A128}.Debug|Any CPU.ActiveCfg = Debug|Any CPU
		{9AC4861D-A7A9-4D3C-A0D1-2B4CC905A128}.Debug|Any CPU.Build.0 = Debug|Any CPU
		{9AC4861D-A7A9-4D3C-A0D1-2B4CC905A128}.Release|Any CPU.ActiveCfg = Release|Any CPU
		{9AC4861D-A7A9-4D3C-A0D1-2B4CC905A128}.Release|Any CPU.Build.0 = Release|Any CPU
		{35613E82-0B08-426C-84BD-925B93881D26}.Debug|Any CPU.ActiveCfg = Debug|Any CPU
		{35613E82-0B08-426C-84BD-925B93881D26}.Debug|Any CPU.Build.0 = Debug|Any CPU
		{35613E82-0B08-426C-84BD-925B93881D26}.Release|Any CPU.ActiveCfg = Release|Any CPU
		{35613E82-0B08-426C-84BD-925B93881D26}.Release|Any CPU.Build.0 = Release|Any CPU
		{4EE3BB04-8123-4DD1-837D-11649D3B64C8}.Debug|Any CPU.ActiveCfg = Debug|Any CPU
		{4EE3BB04-8123-4DD1-837D-11649D3B64C8}.Debug|Any CPU.Build.0 = Debug|Any CPU
		{4EE3BB04-8123-4DD1-837D-11649D3B64C8}.Release|Any CPU.ActiveCfg = Release|Any CPU
		{4EE3BB04-8123-4DD1-837D-11649D3B64C8}.Release|Any CPU.Build.0 = Release|Any CPU
		{912278E0-83C0-4C43-84FB-8A93AEC6AEBC}.Debug|Any CPU.ActiveCfg = Debug|Any CPU
		{912278E0-83C0-4C43-84FB-8A93AEC6AEBC}.Debug|Any CPU.Build.0 = Debug|Any CPU
		{912278E0-83C0-4C43-84FB-8A93AEC6AEBC}.Release|Any CPU.ActiveCfg = Release|Any CPU
		{912278E0-83C0-4C43-84FB-8A93AEC6AEBC}.Release|Any CPU.Build.0 = Release|Any CPU
		{70B5668C-C015-417F-B158-AAC2C9E617F5}.Debug|Any CPU.ActiveCfg = Debug|Any CPU
		{70B5668C-C015-417F-B158-AAC2C9E617F5}.Debug|Any CPU.Build.0 = Debug|Any CPU
		{70B5668C-C015-417F-B158-AAC2C9E617F5}.Release|Any CPU.ActiveCfg = Release|Any CPU
		{70B5668C-C015-417F-B158-AAC2C9E617F5}.Release|Any CPU.Build.0 = Release|Any CPU
		{8FFB52AE-A12C-4625-B3E5-583AFEBD10BC}.Debug|Any CPU.ActiveCfg = Debug|Any CPU
		{8FFB52AE-A12C-4625-B3E5-583AFEBD10BC}.Debug|Any CPU.Build.0 = Debug|Any CPU
		{8FFB52AE-A12C-4625-B3E5-583AFEBD10BC}.Release|Any CPU.ActiveCfg = Release|Any CPU
		{8FFB52AE-A12C-4625-B3E5-583AFEBD10BC}.Release|Any CPU.Build.0 = Release|Any CPU
		{2A2397D3-594E-4706-A542-2C424F6BF14F}.Debug|Any CPU.ActiveCfg = Debug|Any CPU
		{2A2397D3-594E-4706-A542-2C424F6BF14F}.Debug|Any CPU.Build.0 = Debug|Any CPU
		{2A2397D3-594E-4706-A542-2C424F6BF14F}.Release|Any CPU.ActiveCfg = Release|Any CPU
		{2A2397D3-594E-4706-A542-2C424F6BF14F}.Release|Any CPU.Build.0 = Release|Any CPU
		{F658EE96-44BF-49FC-8691-81C48BE87B91}.Debug|Any CPU.ActiveCfg = Debug|Any CPU
		{F658EE96-44BF-49FC-8691-81C48BE87B91}.Debug|Any CPU.Build.0 = Debug|Any CPU
		{F658EE96-44BF-49FC-8691-81C48BE87B91}.Release|Any CPU.ActiveCfg = Release|Any CPU
		{F658EE96-44BF-49FC-8691-81C48BE87B91}.Release|Any CPU.Build.0 = Release|Any CPU
		{E93BFB0A-3147-45E0-B156-4EE98E16CDFC}.Debug|Any CPU.ActiveCfg = Debug|Any CPU
		{E93BFB0A-3147-45E0-B156-4EE98E16CDFC}.Debug|Any CPU.Build.0 = Debug|Any CPU
		{E93BFB0A-3147-45E0-B156-4EE98E16CDFC}.Release|Any CPU.ActiveCfg = Release|Any CPU
		{E93BFB0A-3147-45E0-B156-4EE98E16CDFC}.Release|Any CPU.Build.0 = Release|Any CPU
		{5C3B3EAB-66CB-43EA-AD73-1581D6F163C4}.Debug|Any CPU.ActiveCfg = Debug|Any CPU
		{5C3B3EAB-66CB-43EA-AD73-1581D6F163C4}.Debug|Any CPU.Build.0 = Debug|Any CPU
		{5C3B3EAB-66CB-43EA-AD73-1581D6F163C4}.Release|Any CPU.ActiveCfg = Release|Any CPU
		{5C3B3EAB-66CB-43EA-AD73-1581D6F163C4}.Release|Any CPU.Build.0 = Release|Any CPU
		{A59E471F-D4AB-4822-941A-4587878E1607}.Debug|Any CPU.ActiveCfg = Debug|Any CPU
		{A59E471F-D4AB-4822-941A-4587878E1607}.Debug|Any CPU.Build.0 = Debug|Any CPU
		{A59E471F-D4AB-4822-941A-4587878E1607}.Release|Any CPU.ActiveCfg = Release|Any CPU
		{A59E471F-D4AB-4822-941A-4587878E1607}.Release|Any CPU.Build.0 = Release|Any CPU
	EndGlobalSection
	GlobalSection(SolutionProperties) = preSolution
		HideSolutionNode = FALSE
	EndGlobalSection
	GlobalSection(NestedProjects) = preSolution
		{BC549E6B-E9BB-4CA4-A920-1AD07DC656E3} = {9C108998-2680-46CD-B8C1-0808F2406A69}
		{44A6E328-2D4D-4BEA-AB85-8D8CDEBDBAC2} = {9C108998-2680-46CD-B8C1-0808F2406A69}
		{6954A5DE-0E53-4A42-84DF-C8140B5897CC} = {9C108998-2680-46CD-B8C1-0808F2406A69}
		{9AC4861D-A7A9-4D3C-A0D1-2B4CC905A128} = {2F103E13-E6C8-45CE-A7AD-7B0207899F67}
		{35613E82-0B08-426C-84BD-925B93881D26} = {0BEE6EA4-B148-4A9E-95AC-360CCC84FE3E}
		{4EE3BB04-8123-4DD1-837D-11649D3B64C8} = {3563DB9B-F75D-4B8F-BD10-4AD159C1C373}
		{912278E0-83C0-4C43-84FB-8A93AEC6AEBC} = {B5A43735-81BF-41C4-A720-0E16B5322530}
		{70B5668C-C015-417F-B158-AAC2C9E617F5} = {B5A43735-81BF-41C4-A720-0E16B5322530}
		{8FFB52AE-A12C-4625-B3E5-583AFEBD10BC} = {B5A43735-81BF-41C4-A720-0E16B5322530}
		{2A2397D3-594E-4706-A542-2C424F6BF14F} = {B5A43735-81BF-41C4-A720-0E16B5322530}
		{F658EE96-44BF-49FC-8691-81C48BE87B91} = {ABCC1099-7095-4C5E-96A1-829F7343007B}
		{E93BFB0A-3147-45E0-B156-4EE98E16CDFC} = {ABCC1099-7095-4C5E-96A1-829F7343007B}
		{5C3B3EAB-66CB-43EA-AD73-1581D6F163C4} = {ABCC1099-7095-4C5E-96A1-829F7343007B}
		{A59E471F-D4AB-4822-941A-4587878E1607} = {D1577D15-81A1-420C-A151-53314E47DA83}
	EndGlobalSection
	GlobalSection(ExtensibilityGlobals) = postSolution
		SolutionGuid = {DF7D8004-5FD9-43EF-889E-96384B9F2D5F}
	EndGlobalSection
EndGlobal
